
Microsoft Visual Studio Solution File, Format Version 12.00
# Visual Studio Version 17
VisualStudioVersion = 17.6.33829.357
MinimumVisualStudioVersion = 10.0.40219.1
Project("{FAE04EC0-301F-11D3-BF4B-00C04F79EFBC}") = "WebApplication2", "WebApplication2\WebApplication2.csproj", "{2F0A1E8B-8023-4EF1-B881-8796FD4A8A83}"
EndProject
Global
	GlobalSection(SolutionConfigurationPlatforms) = preSolution
		Debug|Any CPU = Debug|Any CPU
		Release|Any CPU = Release|Any CPU
	EndGlobalSection
	GlobalSection(ProjectConfigurationPlatforms) = postSolution
		{2F0A1E8B-8023-4EF1-B881-8796FD4A8A83}.Debug|Any CPU.ActiveCfg = Debug|Any CPU
		{2F0A1E8B-8023-4EF1-B881-8796FD4A8A83}.Debug|Any CPU.Build.0 = Debug|Any CPU
		{2F0A1E8B-8023-4EF1-B881-8796FD4A8A83}.Release|Any CPU.ActiveCfg = Release|Any CPU
		{2F0A1E8B-8023-4EF1-B881-8796FD4A8A83}.Release|Any CPU.Build.0 = Release|Any CPU
	EndGlobalSection
	GlobalSection(SolutionProperties) = preSolution
		HideSolutionNode = FALSE
	EndGlobalSection
	GlobalSection(ExtensibilityGlobals) = postSolution
		SolutionGuid = {61ACDDD6-9BFA-496C-A360-313260A5517C}
	EndGlobalSection
EndGlobal
